
Microsoft Visual Studio Solution File, Format Version 12.00
# Visual Studio Version 16
VisualStudioVersion = 16.0.30804.86
MinimumVisualStudioVersion = 10.0.40219.1
Project("{FAE04EC0-301F-11D3-BF4B-00C04F79EFBC}") = "DecorationSearch", "DecorationSearch\DecorationSearch.csproj", "{D98AC175-2DE8-4C84-9DB4-5E5844B940B5}"
EndProject
Global
	GlobalSection(SolutionConfigurationPlatforms) = preSolution
		Debug|Any CPU = Debug|Any CPU
		Debug|x64 = Debug|x64
		Deploy|Any CPU = Deploy|Any CPU
		Deploy|x64 = Deploy|x64
		Release|Any CPU = Release|Any CPU
		Release|x64 = Release|x64
	EndGlobalSection
	GlobalSection(ProjectConfigurationPlatforms) = postSolution
		{D98AC175-2DE8-4C84-9DB4-5E5844B940B5}.Debug|Any CPU.ActiveCfg = Debug|Any CPU
		{D98AC175-2DE8-4C84-9DB4-5E5844B940B5}.Debug|Any CPU.Build.0 = Debug|Any CPU
		{D98AC175-2DE8-4C84-9DB4-5E5844B940B5}.Debug|x64.ActiveCfg = Debug|x64
		{D98AC175-2DE8-4C84-9DB4-5E5844B940B5}.Debug|x64.Build.0 = Debug|x64
		{D98AC175-2DE8-4C84-9DB4-5E5844B940B5}.Deploy|Any CPU.ActiveCfg = Deploy|Any CPU
		{D98AC175-2DE8-4C84-9DB4-5E5844B940B5}.Deploy|Any CPU.Build.0 = Deploy|Any CPU
		{D98AC175-2DE8-4C84-9DB4-5E5844B940B5}.Deploy|x64.ActiveCfg = Deploy|x64
		{D98AC175-2DE8-4C84-9DB4-5E5844B940B5}.Deploy|x64.Build.0 = Deploy|x64
		{D98AC175-2DE8-4C84-9DB4-5E5844B940B5}.Release|Any CPU.ActiveCfg = Release|Any CPU
		{D98AC175-2DE8-4C84-9DB4-5E5844B940B5}.Release|Any CPU.Build.0 = Release|Any CPU
		{D98AC175-2DE8-4C84-9DB4-5E5844B940B5}.Release|x64.ActiveCfg = Release|x64
		{D98AC175-2DE8-4C84-9DB4-5E5844B940B5}.Release|x64.Build.0 = Release|x64
	EndGlobalSection
	GlobalSection(SolutionProperties) = preSolution
		HideSolutionNode = FALSE
	EndGlobalSection
	GlobalSection(ExtensibilityGlobals) = postSolution
		SolutionGuid = {2EFA0823-9DC4-41E0-8856-651B06D0F01E}
	EndGlobalSection
EndGlobal
